
Microsoft Visual Studio Solution File, Format Version 12.00
# Visual Studio Version 17
VisualStudioVersion = 17.5.33414.496
MinimumVisualStudioVersion = 10.0.40219.1
Project("{9A19103F-16F7-4668-BE54-9A1E7A4F7556}") = "WebRozetka", "WebRozetka\WebRozetka.csproj", "{D6B1B354-29DC-4B6F-A8CE-B24F99C02DEB}"
EndProject
Global
	GlobalSection(SolutionConfigurationPlatforms) = preSolution
		Debug|Any CPU = Debug|Any CPU
		Release|Any CPU = Release|Any CPU
	EndGlobalSection
	GlobalSection(ProjectConfigurationPlatforms) = postSolution
		{D6B1B354-29DC-4B6F-A8CE-B24F99C02DEB}.Debug|Any CPU.ActiveCfg = Debug|Any CPU
		{D6B1B354-29DC-4B6F-A8CE-B24F99C02DEB}.Debug|Any CPU.Build.0 = Debug|Any CPU
		{D6B1B354-29DC-4B6F-A8CE-B24F99C02DEB}.Release|Any CPU.ActiveCfg = Release|Any CPU
		{D6B1B354-29DC-4B6F-A8CE-B24F99C02DEB}.Release|Any CPU.Build.0 = Release|Any CPU
	EndGlobalSection
	GlobalSection(SolutionProperties) = preSolution
		HideSolutionNode = FALSE
	EndGlobalSection
	GlobalSection(ExtensibilityGlobals) = postSolution
		SolutionGuid = {33070175-1DE7-479E-9CFD-197B6B17CA61}
	EndGlobalSection
EndGlobal
